
Microsoft Visual Studio Solution File, Format Version 12.00
# Visual Studio Version 17
VisualStudioVersion = 17.10.34928.147
MinimumVisualStudioVersion = 10.0.40219.1
Project("{FAE04EC0-301F-11D3-BF4B-00C04F79EFBC}") = "E-Store", "E-Store\E-Store.csproj", "{93F90052-39D5-4809-A604-BB2432EFBE73}"
EndProject
Global
	GlobalSection(SolutionConfigurationPlatforms) = preSolution
		Debug|Any CPU = Debug|Any CPU
		Release|Any CPU = Release|Any CPU
	EndGlobalSection
	GlobalSection(ProjectConfigurationPlatforms) = postSolution
		{93F90052-39D5-4809-A604-BB2432EFBE73}.Debug|Any CPU.ActiveCfg = Debug|Any CPU
		{93F90052-39D5-4809-A604-BB2432EFBE73}.Debug|Any CPU.Build.0 = Debug|Any CPU
		{93F90052-39D5-4809-A604-BB2432EFBE73}.Release|Any CPU.ActiveCfg = Release|Any CPU
		{93F90052-39D5-4809-A604-BB2432EFBE73}.Release|Any CPU.Build.0 = Release|Any CPU
	EndGlobalSection
	GlobalSection(SolutionProperties) = preSolution
		HideSolutionNode = FALSE
	EndGlobalSection
	GlobalSection(ExtensibilityGlobals) = postSolution
		SolutionGuid = {A84F579A-BC5A-4CDF-9C8F-ED1BE53C48EA}
	EndGlobalSection
EndGlobal
